
Microsoft Visual Studio Solution File, Format Version 11.00
# Visual Studio 2010
Project("{FAE04EC0-301F-11D3-BF4B-00C04F79EFBC}") = "LittleProblem.Web", "LittleProblem.Web\LittleProblem.Web.csproj", "{BB3879CF-229B-4BDA-A444-88D6EBF73333}"
EndProject
Project("{FAE04EC0-301F-11D3-BF4B-00C04F79EFBC}") = "LittleProblem.Data", "LittleProblem.Data\LittleProblem.Data.csproj", "{93C7165B-881C-4A2A-9FC9-FAF82B58A9C5}"
EndProject
Project("{FAE04EC0-301F-11D3-BF4B-00C04F79EFBC}") = "LittleProblem.DataTest", "LittleProblem.DataTest\LittleProblem.DataTest.csproj", "{BDE715B7-09C0-4DC1-98A9-BC4441233171}"
EndProject
Project("{2150E333-8FDC-42A3-9474-1A3956D46DE8}") = "Tests", "Tests", "{D97D4F3A-30D0-4E85-B5EC-4E07F258EB47}"
EndProject
Project("{2150E333-8FDC-42A3-9474-1A3956D46DE8}") = "mapreduce", "mapreduce", "{C5801B64-B9E9-4DCD-BBF9-C8841DDE80DE}"
	ProjectSection(SolutionItems) = preProject
		map user note.txt = map user note.txt
	EndProjectSection
EndProject
Global
	GlobalSection(SolutionConfigurationPlatforms) = preSolution
		Debug|Any CPU = Debug|Any CPU
		Release|Any CPU = Release|Any CPU
	EndGlobalSection
	GlobalSection(ProjectConfigurationPlatforms) = postSolution
		{BB3879CF-229B-4BDA-A444-88D6EBF73333}.Debug|Any CPU.ActiveCfg = Debug|Any CPU
		{BB3879CF-229B-4BDA-A444-88D6EBF73333}.Debug|Any CPU.Build.0 = Debug|Any CPU
		{BB3879CF-229B-4BDA-A444-88D6EBF73333}.Release|Any CPU.ActiveCfg = Release|Any CPU
		{BB3879CF-229B-4BDA-A444-88D6EBF73333}.Release|Any CPU.Build.0 = Release|Any CPU
		{93C7165B-881C-4A2A-9FC9-FAF82B58A9C5}.Debug|Any CPU.ActiveCfg = Debug|Any CPU
		{93C7165B-881C-4A2A-9FC9-FAF82B58A9C5}.Debug|Any CPU.Build.0 = Debug|Any CPU
		{93C7165B-881C-4A2A-9FC9-FAF82B58A9C5}.Release|Any CPU.ActiveCfg = Release|Any CPU
		{93C7165B-881C-4A2A-9FC9-FAF82B58A9C5}.Release|Any CPU.Build.0 = Release|Any CPU
		{BDE715B7-09C0-4DC1-98A9-BC4441233171}.Debug|Any CPU.ActiveCfg = Debug|Any CPU
		{BDE715B7-09C0-4DC1-98A9-BC4441233171}.Debug|Any CPU.Build.0 = Debug|Any CPU
		{BDE715B7-09C0-4DC1-98A9-BC4441233171}.Release|Any CPU.ActiveCfg = Release|Any CPU
		{BDE715B7-09C0-4DC1-98A9-BC4441233171}.Release|Any CPU.Build.0 = Release|Any CPU
	EndGlobalSection
	GlobalSection(SolutionProperties) = preSolution
		HideSolutionNode = FALSE
	EndGlobalSection
	GlobalSection(NestedProjects) = preSolution
		{BDE715B7-09C0-4DC1-98A9-BC4441233171} = {D97D4F3A-30D0-4E85-B5EC-4E07F258EB47}
	EndGlobalSection
EndGlobal
