
Microsoft Visual Studio Solution File, Format Version 11.00
# Visual Studio 2010
Project("{FAE04EC0-301F-11D3-BF4B-00C04F79EFBC}") = "LittleProblem.Web", "LittleProblem.Web\LittleProblem.Web.csproj", "{BB3879CF-229B-4BDA-A444-88D6EBF73333}"
EndProject
Project("{FAE04EC0-301F-11D3-BF4B-00C04F79EFBC}") = "LittleProblem.Data", "LittleProblem.Data\LittleProblem.Data.csproj", "{93C7165B-881C-4A2A-9FC9-FAF82B58A9C5}"
EndProject
Project("{FAE04EC0-301F-11D3-BF4B-00C04F79EFBC}") = "LittleProblem.DataTest", "LittleProblem.DataTest\LittleProblem.DataTest.csproj", "{BDE715B7-09C0-4DC1-98A9-BC4441233171}"
EndProject
Project("{2150E333-8FDC-42A3-9474-1A3956D46DE8}") = "Tests", "Tests", "{D97D4F3A-30D0-4E85-B5EC-4E07F258EB47}"
EndProject
Project("{FAE04EC0-301F-11D3-BF4B-00C04F79EFBC}") = "LittleProblem.Quartz", "LittleProblem.Quartz\LittleProblem.Quartz.csproj", "{C59EA8EC-FF42-4EA0-9224-A474DA1BA09C}"
EndProject
Project("{FAE04EC0-301F-11D3-BF4B-00C04F79EFBC}") = "LittleProblem.Common", "LittleProblem.Common\LittleProblem.Common.csproj", "{27FAF8DA-D3AC-49A3-BA3A-36224AA71321}"
EndProject
Project("{FAE04EC0-301F-11D3-BF4B-00C04F79EFBC}") = "LittleProblem.CommonTest", "LittleProblem.CommonTest\LittleProblem.CommonTest.csproj", "{0D7EAD20-6B6D-4C34-BBD4-41EACC7BA3BB}"
EndProject
Project("{FAE04EC0-301F-11D3-BF4B-00C04F79EFBC}") = "LittleProblem.WebTest", "LittleProblem.WebTest\LittleProblem.WebTest.csproj", "{32AE2290-309C-47B3-992A-FE5335BA65CD}"
EndProject
Project("{FAE04EC0-301F-11D3-BF4B-00C04F79EFBC}") = "LittleProblem.Test.Common", "LittleProblem.Test.Common\LittleProblem.Test.Common.csproj", "{CD5637D9-9835-4178-BF1D-14D05B4D172C}"
EndProject
Global
	GlobalSection(SolutionConfigurationPlatforms) = preSolution
		Debug|Any CPU = Debug|Any CPU
		Release|Any CPU = Release|Any CPU
	EndGlobalSection
	GlobalSection(ProjectConfigurationPlatforms) = postSolution
		{BB3879CF-229B-4BDA-A444-88D6EBF73333}.Debug|Any CPU.ActiveCfg = Debug|Any CPU
		{BB3879CF-229B-4BDA-A444-88D6EBF73333}.Debug|Any CPU.Build.0 = Debug|Any CPU
		{BB3879CF-229B-4BDA-A444-88D6EBF73333}.Release|Any CPU.ActiveCfg = Release|Any CPU
		{BB3879CF-229B-4BDA-A444-88D6EBF73333}.Release|Any CPU.Build.0 = Release|Any CPU
		{93C7165B-881C-4A2A-9FC9-FAF82B58A9C5}.Debug|Any CPU.ActiveCfg = Debug|Any CPU
		{93C7165B-881C-4A2A-9FC9-FAF82B58A9C5}.Debug|Any CPU.Build.0 = Debug|Any CPU
		{93C7165B-881C-4A2A-9FC9-FAF82B58A9C5}.Release|Any CPU.ActiveCfg = Release|Any CPU
		{93C7165B-881C-4A2A-9FC9-FAF82B58A9C5}.Release|Any CPU.Build.0 = Release|Any CPU
		{BDE715B7-09C0-4DC1-98A9-BC4441233171}.Debug|Any CPU.ActiveCfg = Debug|Any CPU
		{BDE715B7-09C0-4DC1-98A9-BC4441233171}.Debug|Any CPU.Build.0 = Debug|Any CPU
		{BDE715B7-09C0-4DC1-98A9-BC4441233171}.Release|Any CPU.ActiveCfg = Release|Any CPU
		{BDE715B7-09C0-4DC1-98A9-BC4441233171}.Release|Any CPU.Build.0 = Release|Any CPU
		{C59EA8EC-FF42-4EA0-9224-A474DA1BA09C}.Debug|Any CPU.ActiveCfg = Debug|Any CPU
		{C59EA8EC-FF42-4EA0-9224-A474DA1BA09C}.Debug|Any CPU.Build.0 = Debug|Any CPU
		{C59EA8EC-FF42-4EA0-9224-A474DA1BA09C}.Release|Any CPU.ActiveCfg = Release|Any CPU
		{C59EA8EC-FF42-4EA0-9224-A474DA1BA09C}.Release|Any CPU.Build.0 = Release|Any CPU
		{27FAF8DA-D3AC-49A3-BA3A-36224AA71321}.Debug|Any CPU.ActiveCfg = Debug|Any CPU
		{27FAF8DA-D3AC-49A3-BA3A-36224AA71321}.Debug|Any CPU.Build.0 = Debug|Any CPU
		{27FAF8DA-D3AC-49A3-BA3A-36224AA71321}.Release|Any CPU.ActiveCfg = Release|Any CPU
		{27FAF8DA-D3AC-49A3-BA3A-36224AA71321}.Release|Any CPU.Build.0 = Release|Any CPU
		{0D7EAD20-6B6D-4C34-BBD4-41EACC7BA3BB}.Debug|Any CPU.ActiveCfg = Debug|Any CPU
		{0D7EAD20-6B6D-4C34-BBD4-41EACC7BA3BB}.Debug|Any CPU.Build.0 = Debug|Any CPU
		{0D7EAD20-6B6D-4C34-BBD4-41EACC7BA3BB}.Release|Any CPU.ActiveCfg = Release|Any CPU
		{0D7EAD20-6B6D-4C34-BBD4-41EACC7BA3BB}.Release|Any CPU.Build.0 = Release|Any CPU
		{32AE2290-309C-47B3-992A-FE5335BA65CD}.Debug|Any CPU.ActiveCfg = Debug|Any CPU
		{32AE2290-309C-47B3-992A-FE5335BA65CD}.Debug|Any CPU.Build.0 = Debug|Any CPU
		{32AE2290-309C-47B3-992A-FE5335BA65CD}.Release|Any CPU.ActiveCfg = Release|Any CPU
		{32AE2290-309C-47B3-992A-FE5335BA65CD}.Release|Any CPU.Build.0 = Release|Any CPU
		{CD5637D9-9835-4178-BF1D-14D05B4D172C}.Debug|Any CPU.ActiveCfg = Debug|Any CPU
		{CD5637D9-9835-4178-BF1D-14D05B4D172C}.Debug|Any CPU.Build.0 = Debug|Any CPU
		{CD5637D9-9835-4178-BF1D-14D05B4D172C}.Release|Any CPU.ActiveCfg = Release|Any CPU
		{CD5637D9-9835-4178-BF1D-14D05B4D172C}.Release|Any CPU.Build.0 = Release|Any CPU
	EndGlobalSection
	GlobalSection(SolutionProperties) = preSolution
		HideSolutionNode = FALSE
	EndGlobalSection
	GlobalSection(NestedProjects) = preSolution
		{BDE715B7-09C0-4DC1-98A9-BC4441233171} = {D97D4F3A-30D0-4E85-B5EC-4E07F258EB47}
		{0D7EAD20-6B6D-4C34-BBD4-41EACC7BA3BB} = {D97D4F3A-30D0-4E85-B5EC-4E07F258EB47}
		{32AE2290-309C-47B3-992A-FE5335BA65CD} = {D97D4F3A-30D0-4E85-B5EC-4E07F258EB47}
		{CD5637D9-9835-4178-BF1D-14D05B4D172C} = {D97D4F3A-30D0-4E85-B5EC-4E07F258EB47}
	EndGlobalSection
EndGlobal
